Microsoft Visual Studio Solution File, Format Version 12.00
# Visual Studio Version 17
VisualStudioVersion = 17.7.34221.43
MinimumVisualStudioVersion = 10.0.40219.1
Project("{8BC9CEB8-8B4A-11D0-8D11-00A0C91BC942}") = "godot", "godot\godot.vcxproj", "{AD70BC50-160D-440E-ABD5-F178DC1F8F42}"
	ProjectSection(ProjectDependencies) = postProject
		{D425CB7A-B77D-4267-B3CD-29B0EDAC3B0F} = {D425CB7A-B77D-4267-B3CD-29B0EDAC3B0F}
	EndProjectSection
EndProject
Project("{2150E333-8FDC-42A3-9474-1A3956D46DE8}") = "extentions", "extentions", "{02EA681E-C7D8-13C7-8484-4AC65E1B71E8}"
EndProject
Project("{8BC9CEB8-8B4A-11D0-8D11-00A0C91BC942}") = "terrain", "extensions\terrain\terrain.vcxproj", "{D425CB7A-B77D-4267-B3CD-29B0EDAC3B0F}"
EndProject
Project("{8BC9CEB8-8B4A-11D0-8D11-00A0C91BC942}") = "godot-cpp", "godot-cpp\godot-cpp\godot-cpp.vcxproj", "{1E198376-2909-4D30-B392-1C0F1683E669}"
EndProject
Global
	GlobalSection(SolutionConfigurationPlatforms) = preSolution
		editor|x64 = editor|x64
		editor|x86 = editor|x86
		template_debug|x64 = template_debug|x64
		template_debug|x86 = template_debug|x86
		template_release|x64 = template_release|x64
		template_release|x86 = template_release|x86
	EndGlobalSection
	GlobalSection(ProjectConfigurationPlatforms) = postSolution
		{AD70BC50-160D-440E-ABD5-F178DC1F8F42}.editor|x64.ActiveCfg = editor|x64
		{AD70BC50-160D-440E-ABD5-F178DC1F8F42}.editor|x64.Build.0 = editor|x64
		{AD70BC50-160D-440E-ABD5-F178DC1F8F42}.editor|x86.ActiveCfg = editor|Win32
		{AD70BC50-160D-440E-ABD5-F178DC1F8F42}.editor|x86.Build.0 = editor|Win32
		{AD70BC50-160D-440E-ABD5-F178DC1F8F42}.template_debug|x64.ActiveCfg = template_debug|x64
		{AD70BC50-160D-440E-ABD5-F178DC1F8F42}.template_debug|x64.Build.0 = template_debug|x64
		{AD70BC50-160D-440E-ABD5-F178DC1F8F42}.template_debug|x86.ActiveCfg = template_debug|Win32
		{AD70BC50-160D-440E-ABD5-F178DC1F8F42}.template_debug|x86.Build.0 = template_debug|Win32
		{AD70BC50-160D-440E-ABD5-F178DC1F8F42}.template_release|x64.ActiveCfg = template_release|x64
		{AD70BC50-160D-440E-ABD5-F178DC1F8F42}.template_release|x64.Build.0 = template_release|x64
		{AD70BC50-160D-440E-ABD5-F178DC1F8F42}.template_release|x86.ActiveCfg = template_release|Win32
		{AD70BC50-160D-440E-ABD5-F178DC1F8F42}.template_release|x86.Build.0 = template_release|Win32
		{D425CB7A-B77D-4267-B3CD-29B0EDAC3B0F}.editor|x64.ActiveCfg = Release|x64
		{D425CB7A-B77D-4267-B3CD-29B0EDAC3B0F}.editor|x64.Build.0 = Release|x64
		{D425CB7A-B77D-4267-B3CD-29B0EDAC3B0F}.editor|x86.ActiveCfg = Release|Win32
		{D425CB7A-B77D-4267-B3CD-29B0EDAC3B0F}.editor|x86.Build.0 = Release|Win32
		{D425CB7A-B77D-4267-B3CD-29B0EDAC3B0F}.template_debug|x64.ActiveCfg = Debug|x64
		{D425CB7A-B77D-4267-B3CD-29B0EDAC3B0F}.template_debug|x64.Build.0 = Debug|x64
		{D425CB7A-B77D-4267-B3CD-29B0EDAC3B0F}.template_debug|x86.ActiveCfg = Debug|Win32
		{D425CB7A-B77D-4267-B3CD-29B0EDAC3B0F}.template_debug|x86.Build.0 = Debug|Win32
		{D425CB7A-B77D-4267-B3CD-29B0EDAC3B0F}.template_release|x64.ActiveCfg = Release|x64
		{D425CB7A-B77D-4267-B3CD-29B0EDAC3B0F}.template_release|x64.Build.0 = Release|x64
		{D425CB7A-B77D-4267-B3CD-29B0EDAC3B0F}.template_release|x86.ActiveCfg = Release|Win32
		{D425CB7A-B77D-4267-B3CD-29B0EDAC3B0F}.template_release|x86.Build.0 = Release|Win32
		{1E198376-2909-4D30-B392-1C0F1683E669}.editor|x64.ActiveCfg = Release|x64
		{1E198376-2909-4D30-B392-1C0F1683E669}.editor|x64.Build.0 = Release|x64
		{1E198376-2909-4D30-B392-1C0F1683E669}.editor|x86.ActiveCfg = Release|Win32
		{1E198376-2909-4D30-B392-1C0F1683E669}.editor|x86.Build.0 = Release|Win32
		{1E198376-2909-4D30-B392-1C0F1683E669}.template_debug|x64.ActiveCfg = Debug|x64
		{1E198376-2909-4D30-B392-1C0F1683E669}.template_debug|x64.Build.0 = Debug|x64
		{1E198376-2909-4D30-B392-1C0F1683E669}.template_debug|x86.ActiveCfg = Debug|Win32
		{1E198376-2909-4D30-B392-1C0F1683E669}.template_debug|x86.Build.0 = Debug|Win32
		{1E198376-2909-4D30-B392-1C0F1683E669}.template_release|x64.ActiveCfg = Release|x64
		{1E198376-2909-4D30-B392-1C0F1683E669}.template_release|x64.Build.0 = Release|x64
		{1E198376-2909-4D30-B392-1C0F1683E669}.template_release|x86.ActiveCfg = Release|Win32
		{1E198376-2909-4D30-B392-1C0F1683E669}.template_release|x86.Build.0 = Release|Win32
	EndGlobalSection
	GlobalSection(SolutionProperties) = preSolution
		HideSolutionNode = FALSE
	EndGlobalSection
	GlobalSection(NestedProjects) = preSolution
		{D425CB7A-B77D-4267-B3CD-29B0EDAC3B0F} = {02EA681E-C7D8-13C7-8484-4AC65E1B71E8}
	EndGlobalSection
	GlobalSection(ExtensibilityGlobals) = postSolution
		SolutionGuid = {522cfeec-300c-49d8-9449-bb27e4706232}
	EndGlobalSection
EndGlobal
